
Microsoft Visual Studio Solution File, Format Version 12.00
# Visual Studio Version 16
VisualStudioVersion = 16.0.30204.135
MinimumVisualStudioVersion = 10.0.40219.1
Project("{FAE04EC0-301F-11D3-BF4B-00C04F79EFBC}") = "MarsRover", "MarsRover.csproj", "{171C78AA-3116-418B-BAFA-2271B17D7644}"
EndProject
Project("{FAE04EC0-301F-11D3-BF4B-00C04F79EFBC}") = "MarsRoverUnitTests", "..\MarsRoverUnitTests\MarsRoverUnitTests.csproj", "{3CB45ADF-844A-47D8-9068-B42755BA2BE5}"
EndProject
Global
	GlobalSection(SolutionConfigurationPlatforms) = preSolution
		Debug|Any CPU = Debug|Any CPU
		Release|Any CPU = Release|Any CPU
	EndGlobalSection
	GlobalSection(ProjectConfigurationPlatforms) = postSolution
		{171C78AA-3116-418B-BAFA-2271B17D7644}.Debug|Any CPU.ActiveCfg = Debug|Any CPU
		{171C78AA-3116-418B-BAFA-2271B17D7644}.Debug|Any CPU.Build.0 = Debug|Any CPU
		{171C78AA-3116-418B-BAFA-2271B17D7644}.Release|Any CPU.ActiveCfg = Release|Any CPU
		{171C78AA-3116-418B-BAFA-2271B17D7644}.Release|Any CPU.Build.0 = Release|Any CPU
		{3CB45ADF-844A-47D8-9068-B42755BA2BE5}.Debug|Any CPU.ActiveCfg = Debug|Any CPU
		{3CB45ADF-844A-47D8-9068-B42755BA2BE5}.Debug|Any CPU.Build.0 = Debug|Any CPU
		{3CB45ADF-844A-47D8-9068-B42755BA2BE5}.Release|Any CPU.ActiveCfg = Release|Any CPU
		{3CB45ADF-844A-47D8-9068-B42755BA2BE5}.Release|Any CPU.Build.0 = Release|Any CPU
	EndGlobalSection
	GlobalSection(SolutionProperties) = preSolution
		HideSolutionNode = FALSE
	EndGlobalSection
	GlobalSection(ExtensibilityGlobals) = postSolution
		SolutionGuid = {3A4B567F-A06C-472A-96C0-6356758E382C}
	EndGlobalSection
EndGlobal
